
Microsoft Visual Studio Solution File, Format Version 12.00
# Visual Studio Version 17
VisualStudioVersion = 17.0.31903.59
MinimumVisualStudioVersion = 10.0.40219.1
Project("{2150E333-8FDC-42A3-9474-1A3956D46DE8}") = "src", "src", "{827E0CD3-B72D-47B6-A68D-7590B98EB39B}"
EndProject
Project("{FAE04EC0-301F-11D3-BF4B-00C04F79EFBC}") = "Tokenez.Core", "src\Tokenez.Core\Tokenez.Core.csproj", "{018B77A9-F9E3-4F42-8A61-C54F6ADDFBE6}"
EndProject
Project("{FAE04EC0-301F-11D3-BF4B-00C04F79EFBC}") = "Tokenez.Common", "src\Tokenez.Common\Tokenez.Common.csproj", "{3991E47D-478D-4478-9909-99BA715114AE}"
EndProject
Project("{FAE04EC0-301F-11D3-BF4B-00C04F79EFBC}") = "Tokenez.Parser", "src\Tokenez.Parser\Tokenez.Parser.csproj", "{5CDB9954-E9DA-486B-ACE9-02AD1193AAFE}"
EndProject
Project("{FAE04EC0-301F-11D3-BF4B-00C04F79EFBC}") = "Tokenez.Compiler", "src\Tokenez.Compiler\Tokenez.Compiler.csproj", "{89AB3ECA-7049-4F78-A4A8-E1B40CA50B17}"
EndProject
Project("{FAE04EC0-301F-11D3-BF4B-00C04F79EFBC}") = "Tokenez.Interpreter", "src\Tokenez.Interpreter\Tokenez.Interpreter.csproj", "{413E6259-23B8-4426-BB8C-0885DD6C7306}"
EndProject
Project("{FAE04EC0-301F-11D3-BF4B-00C04F79EFBC}") = "Tokenez.CLI", "src\Tokenez.CLI\Tokenez.CLI.csproj", "{DE5C91AB-C4BF-49BD-9201-D2A9D569F90E}"
EndProject
Project("{2150E333-8FDC-42A3-9474-1A3956D46DE8}") = "tests", "tests", "{0AB3BF05-4346-4AA6-1389-037BE0695223}"
EndProject
Project("{FAE04EC0-301F-11D3-BF4B-00C04F79EFBC}") = "Tokenez.Integration.Tests", "tests\Tokenez.Integration.Tests\Tokenez.Integration.Tests.csproj", "{527BBD73-BE09-41D5-98B9-4BC0063E9299}"
EndProject
Global
	GlobalSection(SolutionConfigurationPlatforms) = preSolution
		Debug|Any CPU = Debug|Any CPU
		Debug|x64 = Debug|x64
		Debug|x86 = Debug|x86
		Release|Any CPU = Release|Any CPU
		Release|x64 = Release|x64
		Release|x86 = Release|x86
	EndGlobalSection
	GlobalSection(ProjectConfigurationPlatforms) = postSolution
		{018B77A9-F9E3-4F42-8A61-C54F6ADDFBE6}.Debug|Any CPU.ActiveCfg = Debug|Any CPU
		{018B77A9-F9E3-4F42-8A61-C54F6ADDFBE6}.Debug|Any CPU.Build.0 = Debug|Any CPU
		{018B77A9-F9E3-4F42-8A61-C54F6ADDFBE6}.Debug|x64.ActiveCfg = Debug|Any CPU
		{018B77A9-F9E3-4F42-8A61-C54F6ADDFBE6}.Debug|x64.Build.0 = Debug|Any CPU
		{018B77A9-F9E3-4F42-8A61-C54F6ADDFBE6}.Debug|x86.ActiveCfg = Debug|Any CPU
		{018B77A9-F9E3-4F42-8A61-C54F6ADDFBE6}.Debug|x86.Build.0 = Debug|Any CPU
		{018B77A9-F9E3-4F42-8A61-C54F6ADDFBE6}.Release|Any CPU.ActiveCfg = Release|Any CPU
		{018B77A9-F9E3-4F42-8A61-C54F6ADDFBE6}.Release|Any CPU.Build.0 = Release|Any CPU
		{018B77A9-F9E3-4F42-8A61-C54F6ADDFBE6}.Release|x64.ActiveCfg = Release|Any CPU
		{018B77A9-F9E3-4F42-8A61-C54F6ADDFBE6}.Release|x64.Build.0 = Release|Any CPU
		{018B77A9-F9E3-4F42-8A61-C54F6ADDFBE6}.Release|x86.ActiveCfg = Release|Any CPU
		{018B77A9-F9E3-4F42-8A61-C54F6ADDFBE6}.Release|x86.Build.0 = Release|Any CPU
		{3991E47D-478D-4478-9909-99BA715114AE}.Debug|Any CPU.ActiveCfg = Debug|Any CPU
		{3991E47D-478D-4478-9909-99BA715114AE}.Debug|Any CPU.Build.0 = Debug|Any CPU
		{3991E47D-478D-4478-9909-99BA715114AE}.Debug|x64.ActiveCfg = Debug|Any CPU
		{3991E47D-478D-4478-9909-99BA715114AE}.Debug|x64.Build.0 = Debug|Any CPU
		{3991E47D-478D-4478-9909-99BA715114AE}.Debug|x86.ActiveCfg = Debug|Any CPU
		{3991E47D-478D-4478-9909-99BA715114AE}.Debug|x86.Build.0 = Debug|Any CPU
		{3991E47D-478D-4478-9909-99BA715114AE}.Release|Any CPU.ActiveCfg = Release|Any CPU
		{3991E47D-478D-4478-9909-99BA715114AE}.Release|Any CPU.Build.0 = Release|Any CPU
		{3991E47D-478D-4478-9909-99BA715114AE}.Release|x64.ActiveCfg = Release|Any CPU
		{3991E47D-478D-4478-9909-99BA715114AE}.Release|x64.Build.0 = Release|Any CPU
		{3991E47D-478D-4478-9909-99BA715114AE}.Release|x86.ActiveCfg = Release|Any CPU
		{3991E47D-478D-4478-9909-99BA715114AE}.Release|x86.Build.0 = Release|Any CPU
		{5CDB9954-E9DA-486B-ACE9-02AD1193AAFE}.Debug|Any CPU.ActiveCfg = Debug|Any CPU
		{5CDB9954-E9DA-486B-ACE9-02AD1193AAFE}.Debug|Any CPU.Build.0 = Debug|Any CPU
		{5CDB9954-E9DA-486B-ACE9-02AD1193AAFE}.Debug|x64.ActiveCfg = Debug|Any CPU
		{5CDB9954-E9DA-486B-ACE9-02AD1193AAFE}.Debug|x64.Build.0 = Debug|Any CPU
		{5CDB9954-E9DA-486B-ACE9-02AD1193AAFE}.Debug|x86.ActiveCfg = Debug|Any CPU
		{5CDB9954-E9DA-486B-ACE9-02AD1193AAFE}.Debug|x86.Build.0 = Debug|Any CPU
		{5CDB9954-E9DA-486B-ACE9-02AD1193AAFE}.Release|Any CPU.ActiveCfg = Release|Any CPU
		{5CDB9954-E9DA-486B-ACE9-02AD1193AAFE}.Release|Any CPU.Build.0 = Release|Any CPU
		{5CDB9954-E9DA-486B-ACE9-02AD1193AAFE}.Release|x64.ActiveCfg = Release|Any CPU
		{5CDB9954-E9DA-486B-ACE9-02AD1193AAFE}.Release|x64.Build.0 = Release|Any CPU
		{5CDB9954-E9DA-486B-ACE9-02AD1193AAFE}.Release|x86.ActiveCfg = Release|Any CPU
		{5CDB9954-E9DA-486B-ACE9-02AD1193AAFE}.Release|x86.Build.0 = Release|Any CPU
		{89AB3ECA-7049-4F78-A4A8-E1B40CA50B17}.Debug|Any CPU.ActiveCfg = Debug|Any CPU
		{89AB3ECA-7049-4F78-A4A8-E1B40CA50B17}.Debug|Any CPU.Build.0 = Debug|Any CPU
		{89AB3ECA-7049-4F78-A4A8-E1B40CA50B17}.Debug|x64.ActiveCfg = Debug|Any CPU
		{89AB3ECA-7049-4F78-A4A8-E1B40CA50B17}.Debug|x64.Build.0 = Debug|Any CPU
		{89AB3ECA-7049-4F78-A4A8-E1B40CA50B17}.Debug|x86.ActiveCfg = Debug|Any CPU
		{89AB3ECA-7049-4F78-A4A8-E1B40CA50B17}.Debug|x86.Build.0 = Debug|Any CPU
		{89AB3ECA-7049-4F78-A4A8-E1B40CA50B17}.Release|Any CPU.ActiveCfg = Release|Any CPU
		{89AB3ECA-7049-4F78-A4A8-E1B40CA50B17}.Release|Any CPU.Build.0 = Release|Any CPU
		{89AB3ECA-7049-4F78-A4A8-E1B40CA50B17}.Release|x64.ActiveCfg = Release|Any CPU
		{89AB3ECA-7049-4F78-A4A8-E1B40CA50B17}.Release|x64.Build.0 = Release|Any CPU
		{89AB3ECA-7049-4F78-A4A8-E1B40CA50B17}.Release|x86.ActiveCfg = Release|Any CPU
		{89AB3ECA-7049-4F78-A4A8-E1B40CA50B17}.Release|x86.Build.0 = Release|Any CPU
		{413E6259-23B8-4426-BB8C-0885DD6C7306}.Debug|Any CPU.ActiveCfg = Debug|Any CPU
		{413E6259-23B8-4426-BB8C-0885DD6C7306}.Debug|Any CPU.Build.0 = Debug|Any CPU
		{413E6259-23B8-4426-BB8C-0885DD6C7306}.Debug|x64.ActiveCfg = Debug|Any CPU
		{413E6259-23B8-4426-BB8C-0885DD6C7306}.Debug|x64.Build.0 = Debug|Any CPU
		{413E6259-23B8-4426-BB8C-0885DD6C7306}.Debug|x86.ActiveCfg = Debug|Any CPU
		{413E6259-23B8-4426-BB8C-0885DD6C7306}.Debug|x86.Build.0 = Debug|Any CPU
		{413E6259-23B8-4426-BB8C-0885DD6C7306}.Release|Any CPU.ActiveCfg = Release|Any CPU
		{413E6259-23B8-4426-BB8C-0885DD6C7306}.Release|Any CPU.Build.0 = Release|Any CPU
		{413E6259-23B8-4426-BB8C-0885DD6C7306}.Release|x64.ActiveCfg = Release|Any CPU
		{413E6259-23B8-4426-BB8C-0885DD6C7306}.Release|x64.Build.0 = Release|Any CPU
		{413E6259-23B8-4426-BB8C-0885DD6C7306}.Release|x86.ActiveCfg = Release|Any CPU
		{413E6259-23B8-4426-BB8C-0885DD6C7306}.Release|x86.Build.0 = Release|Any CPU
		{DE5C91AB-C4BF-49BD-9201-D2A9D569F90E}.Debug|Any CPU.ActiveCfg = Debug|Any CPU
		{DE5C91AB-C4BF-49BD-9201-D2A9D569F90E}.Debug|Any CPU.Build.0 = Debug|Any CPU
		{DE5C91AB-C4BF-49BD-9201-D2A9D569F90E}.Debug|x64.ActiveCfg = Debug|Any CPU
		{DE5C91AB-C4BF-49BD-9201-D2A9D569F90E}.Debug|x64.Build.0 = Debug|Any CPU
		{DE5C91AB-C4BF-49BD-9201-D2A9D569F90E}.Debug|x86.ActiveCfg = Debug|Any CPU
		{DE5C91AB-C4BF-49BD-9201-D2A9D569F90E}.Debug|x86.Build.0 = Debug|Any CPU
		{DE5C91AB-C4BF-49BD-9201-D2A9D569F90E}.Release|Any CPU.ActiveCfg = Release|Any CPU
		{DE5C91AB-C4BF-49BD-9201-D2A9D569F90E}.Release|Any CPU.Build.0 = Release|Any CPU
		{DE5C91AB-C4BF-49BD-9201-D2A9D569F90E}.Release|x64.ActiveCfg = Release|Any CPU
		{DE5C91AB-C4BF-49BD-9201-D2A9D569F90E}.Release|x64.Build.0 = Release|Any CPU
		{DE5C91AB-C4BF-49BD-9201-D2A9D569F90E}.Release|x86.ActiveCfg = Release|Any CPU
		{DE5C91AB-C4BF-49BD-9201-D2A9D569F90E}.Release|x86.Build.0 = Release|Any CPU
		{527BBD73-BE09-41D5-98B9-4BC0063E9299}.Debug|Any CPU.ActiveCfg = Debug|Any CPU
		{527BBD73-BE09-41D5-98B9-4BC0063E9299}.Debug|Any CPU.Build.0 = Debug|Any CPU
		{527BBD73-BE09-41D5-98B9-4BC0063E9299}.Debug|x64.ActiveCfg = Debug|Any CPU
		{527BBD73-BE09-41D5-98B9-4BC0063E9299}.Debug|x64.Build.0 = Debug|Any CPU
		{527BBD73-BE09-41D5-98B9-4BC0063E9299}.Debug|x86.ActiveCfg = Debug|Any CPU
		{527BBD73-BE09-41D5-98B9-4BC0063E9299}.Debug|x86.Build.0 = Debug|Any CPU
		{527BBD73-BE09-41D5-98B9-4BC0063E9299}.Release|Any CPU.ActiveCfg = Release|Any CPU
		{527BBD73-BE09-41D5-98B9-4BC0063E9299}.Release|Any CPU.Build.0 = Release|Any CPU
		{527BBD73-BE09-41D5-98B9-4BC0063E9299}.Release|x64.ActiveCfg = Release|Any CPU
		{527BBD73-BE09-41D5-98B9-4BC0063E9299}.Release|x64.Build.0 = Release|Any CPU
		{527BBD73-BE09-41D5-98B9-4BC0063E9299}.Release|x86.ActiveCfg = Release|Any CPU
		{527BBD73-BE09-41D5-98B9-4BC0063E9299}.Release|x86.Build.0 = Release|Any CPU
	EndGlobalSection
	GlobalSection(SolutionProperties) = preSolution
		HideSolutionNode = FALSE
	EndGlobalSection
	GlobalSection(NestedProjects) = preSolution
		{018B77A9-F9E3-4F42-8A61-C54F6ADDFBE6} = {827E0CD3-B72D-47B6-A68D-7590B98EB39B}
		{3991E47D-478D-4478-9909-99BA715114AE} = {827E0CD3-B72D-47B6-A68D-7590B98EB39B}
		{5CDB9954-E9DA-486B-ACE9-02AD1193AAFE} = {827E0CD3-B72D-47B6-A68D-7590B98EB39B}
		{89AB3ECA-7049-4F78-A4A8-E1B40CA50B17} = {827E0CD3-B72D-47B6-A68D-7590B98EB39B}
		{413E6259-23B8-4426-BB8C-0885DD6C7306} = {827E0CD3-B72D-47B6-A68D-7590B98EB39B}
		{DE5C91AB-C4BF-49BD-9201-D2A9D569F90E} = {827E0CD3-B72D-47B6-A68D-7590B98EB39B}
		{527BBD73-BE09-41D5-98B9-4BC0063E9299} = {0AB3BF05-4346-4AA6-1389-037BE0695223}
	EndGlobalSection
EndGlobal
